
Microsoft Visual Studio Solution File, Format Version 12.00
# Visual Studio 15
VisualStudioVersion = 15.0.28307.1022
MinimumVisualStudioVersion = 10.0.40219.1
Project("{8BC9CEB8-8B4A-11D0-8D11-00A0C91BC942}") = "Project12", "Project12\Project12.vcxproj", "{E076E405-F877-4767-9E9D-A13B9A89C684}"
EndProject
Global
	GlobalSection(SolutionConfigurationPlatforms) = preSolution
		Debug|x64 = Debug|x64
		Debug|x86 = Debug|x86
		Release|x64 = Release|x64
		Release|x86 = Release|x86
	EndGlobalSection
	GlobalSection(ProjectConfigurationPlatforms) = postSolution
		{E076E405-F877-4767-9E9D-A13B9A89C684}.Debug|x64.ActiveCfg = Debug|x64
		{E076E405-F877-4767-9E9D-A13B9A89C684}.Debug|x64.Build.0 = Debug|x64
		{E076E405-F877-4767-9E9D-A13B9A89C684}.Debug|x86.ActiveCfg = Debug|Win32
		{E076E405-F877-4767-9E9D-A13B9A89C684}.Debug|x86.Build.0 = Debug|Win32
		{E076E405-F877-4767-9E9D-A13B9A89C684}.Release|x64.ActiveCfg = Release|x64
		{E076E405-F877-4767-9E9D-A13B9A89C684}.Release|x64.Build.0 = Release|x64
		{E076E405-F877-4767-9E9D-A13B9A89C684}.Release|x86.ActiveCfg = Release|Win32
		{E076E405-F877-4767-9E9D-A13B9A89C684}.Release|x86.Build.0 = Release|Win32
	EndGlobalSection
	GlobalSection(SolutionProperties) = preSolution
		HideSolutionNode = FALSE
	EndGlobalSection
	GlobalSection(ExtensibilityGlobals) = postSolution
		SolutionGuid = {A5175741-49DE-42C8-ACA8-9A1D5924C4C2}
	EndGlobalSection
EndGlobal
