
Microsoft Visual Studio Solution File, Format Version 12.00
# Visual Studio 15
VisualStudioVersion = 15.0.28307.1022
MinimumVisualStudioVersion = 10.0.40219.1
Project("{8BC9CEB8-8B4A-11D0-8D11-00A0C91BC942}") = "Project9", "Project9\Project9.vcxproj", "{724E3B56-3E4F-46E3-B573-53BD27533333}"
EndProject
Global
	GlobalSection(SolutionConfigurationPlatforms) = preSolution
		Debug|x64 = Debug|x64
		Debug|x86 = Debug|x86
		Release|x64 = Release|x64
		Release|x86 = Release|x86
	EndGlobalSection
	GlobalSection(ProjectConfigurationPlatforms) = postSolution
		{724E3B56-3E4F-46E3-B573-53BD27533333}.Debug|x64.ActiveCfg = Debug|x64
		{724E3B56-3E4F-46E3-B573-53BD27533333}.Debug|x64.Build.0 = Debug|x64
		{724E3B56-3E4F-46E3-B573-53BD27533333}.Debug|x86.ActiveCfg = Debug|Win32
		{724E3B56-3E4F-46E3-B573-53BD27533333}.Debug|x86.Build.0 = Debug|Win32
		{724E3B56-3E4F-46E3-B573-53BD27533333}.Release|x64.ActiveCfg = Release|x64
		{724E3B56-3E4F-46E3-B573-53BD27533333}.Release|x64.Build.0 = Release|x64
		{724E3B56-3E4F-46E3-B573-53BD27533333}.Release|x86.ActiveCfg = Release|Win32
		{724E3B56-3E4F-46E3-B573-53BD27533333}.Release|x86.Build.0 = Release|Win32
	EndGlobalSection
	GlobalSection(SolutionProperties) = preSolution
		HideSolutionNode = FALSE
	EndGlobalSection
	GlobalSection(ExtensibilityGlobals) = postSolution
		SolutionGuid = {30045D33-2B11-41A0-B5B2-903E26FF2E25}
	EndGlobalSection
EndGlobal
