
Microsoft Visual Studio Solution File, Format Version 12.00
# Visual Studio 15
VisualStudioVersion = 15.0.28307.1022
MinimumVisualStudioVersion = 10.0.40219.1
Project("{8BC9CEB8-8B4A-11D0-8D11-00A0C91BC942}") = "Project14", "Project14\Project14.vcxproj", "{1AB46FA1-5023-4356-AA5B-618FC8E861F5}"
EndProject
Global
	GlobalSection(SolutionConfigurationPlatforms) = preSolution
		Debug|x64 = Debug|x64
		Debug|x86 = Debug|x86
		Release|x64 = Release|x64
		Release|x86 = Release|x86
	EndGlobalSection
	GlobalSection(ProjectConfigurationPlatforms) = postSolution
		{1AB46FA1-5023-4356-AA5B-618FC8E861F5}.Debug|x64.ActiveCfg = Debug|x64
		{1AB46FA1-5023-4356-AA5B-618FC8E861F5}.Debug|x64.Build.0 = Debug|x64
		{1AB46FA1-5023-4356-AA5B-618FC8E861F5}.Debug|x86.ActiveCfg = Debug|Win32
		{1AB46FA1-5023-4356-AA5B-618FC8E861F5}.Debug|x86.Build.0 = Debug|Win32
		{1AB46FA1-5023-4356-AA5B-618FC8E861F5}.Release|x64.ActiveCfg = Release|x64
		{1AB46FA1-5023-4356-AA5B-618FC8E861F5}.Release|x64.Build.0 = Release|x64
		{1AB46FA1-5023-4356-AA5B-618FC8E861F5}.Release|x86.ActiveCfg = Release|Win32
		{1AB46FA1-5023-4356-AA5B-618FC8E861F5}.Release|x86.Build.0 = Release|Win32
	EndGlobalSection
	GlobalSection(SolutionProperties) = preSolution
		HideSolutionNode = FALSE
	EndGlobalSection
	GlobalSection(ExtensibilityGlobals) = postSolution
		SolutionGuid = {2DFF7401-E957-449B-A888-C806503F1594}
	EndGlobalSection
EndGlobal
